
Microsoft Visual Studio Solution File, Format Version 12.00
# Visual Studio 15
VisualStudioVersion = 15.0.28307.705
MinimumVisualStudioVersion = 10.0.40219.1
Project("{FAE04EC0-301F-11D3-BF4B-00C04F79EFBC}") = "LNKO", "LNKO\LNKO.csproj", "{223B3880-9B78-4E9B-8356-2B5B4948D8AB}"
EndProject
Global
	GlobalSection(SolutionConfigurationPlatforms) = preSolution
		Debug|Any CPU = Debug|Any CPU
		Release|Any CPU = Release|Any CPU
	EndGlobalSection
	GlobalSection(ProjectConfigurationPlatforms) = postSolution
		{223B3880-9B78-4E9B-8356-2B5B4948D8AB}.Debug|Any CPU.ActiveCfg = Debug|Any CPU
		{223B3880-9B78-4E9B-8356-2B5B4948D8AB}.Debug|Any CPU.Build.0 = Debug|Any CPU
		{223B3880-9B78-4E9B-8356-2B5B4948D8AB}.Release|Any CPU.ActiveCfg = Release|Any CPU
		{223B3880-9B78-4E9B-8356-2B5B4948D8AB}.Release|Any CPU.Build.0 = Release|Any CPU
	EndGlobalSection
	GlobalSection(SolutionProperties) = preSolution
		HideSolutionNode = FALSE
	EndGlobalSection
	GlobalSection(ExtensibilityGlobals) = postSolution
		SolutionGuid = {2BDB9BBF-7BD2-437F-99FB-F1E9FB7D887D}
	EndGlobalSection
EndGlobal
